
Microsoft Visual Studio Solution File, Format Version 12.00
# Visual Studio Version 16
VisualStudioVersion = 16.0.30413.136
MinimumVisualStudioVersion = 10.0.40219.1
Project("{FAE04EC0-301F-11D3-BF4B-00C04F79EFBC}") = "Study english", "av3\Study english.csproj", "{332A21C9-B0C2-42FA-8EE4-5E4B1E5ECC1B}"
EndProject
Global
	GlobalSection(SolutionConfigurationPlatforms) = preSolution
		Debug|Any CPU = Debug|Any CPU
		Release|Any CPU = Release|Any CPU
	EndGlobalSection
	GlobalSection(ProjectConfigurationPlatforms) = postSolution
		{332A21C9-B0C2-42FA-8EE4-5E4B1E5ECC1B}.Debug|Any CPU.ActiveCfg = Debug|Any CPU
		{332A21C9-B0C2-42FA-8EE4-5E4B1E5ECC1B}.Debug|Any CPU.Build.0 = Debug|Any CPU
		{332A21C9-B0C2-42FA-8EE4-5E4B1E5ECC1B}.Release|Any CPU.ActiveCfg = Release|Any CPU
		{332A21C9-B0C2-42FA-8EE4-5E4B1E5ECC1B}.Release|Any CPU.Build.0 = Release|Any CPU
	EndGlobalSection
	GlobalSection(SolutionProperties) = preSolution
		HideSolutionNode = FALSE
	EndGlobalSection
	GlobalSection(ExtensibilityGlobals) = postSolution
		SolutionGuid = {807B32BF-261C-4123-9229-E2186EC3E5BF}
	EndGlobalSection
EndGlobal
